
Microsoft Visual Studio Solution File, Format Version 12.00
# Visual Studio Version 16
VisualStudioVersion = 16.0.30717.126
MinimumVisualStudioVersion = 10.0.40219.1
Project("{FAE04EC0-301F-11D3-BF4B-00C04F79EFBC}") = "Advanced_Project", "Advanced_Project\Advanced_Project.csproj", "{F1A49A24-CB28-4C30-9E13-5A7256F226FB}"
EndProject
Global
	GlobalSection(SolutionConfigurationPlatforms) = preSolution
		Debug|Any CPU = Debug|Any CPU
		Release|Any CPU = Release|Any CPU
	EndGlobalSection
	GlobalSection(ProjectConfigurationPlatforms) = postSolution
		{F1A49A24-CB28-4C30-9E13-5A7256F226FB}.Debug|Any CPU.ActiveCfg = Debug|Any CPU
		{F1A49A24-CB28-4C30-9E13-5A7256F226FB}.Debug|Any CPU.Build.0 = Debug|Any CPU
		{F1A49A24-CB28-4C30-9E13-5A7256F226FB}.Release|Any CPU.ActiveCfg = Release|Any CPU
		{F1A49A24-CB28-4C30-9E13-5A7256F226FB}.Release|Any CPU.Build.0 = Release|Any CPU
	EndGlobalSection
	GlobalSection(SolutionProperties) = preSolution
		HideSolutionNode = FALSE
	EndGlobalSection
	GlobalSection(ExtensibilityGlobals) = postSolution
		SolutionGuid = {D6356DEA-445B-4373-BA4C-D4B6AECBA7C4}
	EndGlobalSection
EndGlobal
